// !$*UTF8*$!
{
	archiveVersion = 1;
	classes = {
	};
	objectVersion = 55;
	objects = {

/* Begin PBXBuildFile section */
		AF0D4AE1291A30AE00BAE2FE /* NhatKyAnHanhApp.swift in Sources */ = {isa = PBXBuildFile; fileRef = AF0D4AD1291A30AD00BAE2FE /* NhatKyAnHanhApp.swift */; };
		AF0D4AE2291A30AE00BAE2FE /* NhatKyAnHanhApp.swift in Sources */ = {isa = PBXBuildFile; fileRef = AF0D4AD1291A30AD00BAE2FE /* NhatKyAnHanhApp.swift */; };
		AF0D4AE3291A30AE00BAE2FE /* ContentView.swift in Sources */ = {isa = PBXBuildFile; fileRef = AF0D4AD2291A30AD00BAE2FE /* ContentView.swift */; };
		AF0D4AE4291A30AE00BAE2FE /* ContentView.swift in Sources */ = {isa = PBXBuildFile; fileRef = AF0D4AD2291A30AD00BAE2FE /* ContentView.swift */; };
		AF0D4AE5291A30AE00BAE2FE /* Assets.xcassets in Resources */ = {isa = PBXBuildFile; fileRef = AF0D4AD3291A30AE00BAE2FE /* Assets.xcassets */; };
		AF0D4AE6291A30AE00BAE2FE /* Assets.xcassets in Resources */ = {isa = PBXBuildFile; fileRef = AF0D4AD3291A30AE00BAE2FE /* Assets.xcassets */; };
		AF0D4AF1291A30FA00BAE2FE /* ViewModifiers.swift in Sources */ = {isa = PBXBuildFile; fileRef = AF0D4AF0291A30FA00BAE2FE /* ViewModifiers.swift */; };
		AF0D4AF2291A312100BAE2FE /* ViewModifiers.swift in Sources */ = {isa = PBXBuildFile; fileRef = AF0D4AF0291A30FA00BAE2FE /* ViewModifiers.swift */; };
		AF0D4AF5291A313F00BAE2FE /* StackNavigationView in Frameworks */ = {isa = PBXBuildFile; productRef = AF0D4AF4291A313F00BAE2FE /* StackNavigationView */; };
		AF0D4AF8291A317F00BAE2FE /* HomeScreen.swift in Sources */ = {isa = PBXBuildFile; fileRef = AF0D4AF7291A317F00BAE2FE /* HomeScreen.swift */; };
		AF0D4AF9291A317F00BAE2FE /* HomeScreen.swift in Sources */ = {isa = PBXBuildFile; fileRef = AF0D4AF7291A317F00BAE2FE /* HomeScreen.swift */; };
		AF0D4AFD291A32AD00BAE2FE /* LocalDatabase.xcdatamodeld in Sources */ = {isa = PBXBuildFile; fileRef = AF0D4AFB291A32AD00BAE2FE /* LocalDatabase.xcdatamodeld */; };
		AF0D4AFE291A32AD00BAE2FE /* LocalDatabase.xcdatamodeld in Sources */ = {isa = PBXBuildFile; fileRef = AF0D4AFB291A32AD00BAE2FE /* LocalDatabase.xcdatamodeld */; };
		AF0D4B00291A330500BAE2FE /* DataController.swift in Sources */ = {isa = PBXBuildFile; fileRef = AF0D4AFF291A330500BAE2FE /* DataController.swift */; };
		AF0D4B01291A330500BAE2FE /* DataController.swift in Sources */ = {isa = PBXBuildFile; fileRef = AF0D4AFF291A330500BAE2FE /* DataController.swift */; };
		AF0D4B03291A390400BAE2FE /* NoteModifyScreen.swift in Sources */ = {isa = PBXBuildFile; fileRef = AF0D4B02291A390400BAE2FE /* NoteModifyScreen.swift */; };
		AF0D4B04291A390400BAE2FE /* NoteModifyScreen.swift in Sources */ = {isa = PBXBuildFile; fileRef = AF0D4B02291A390400BAE2FE /* NoteModifyScreen.swift */; };
		AF0D4B07291A3F5900BAE2FE /* CustomTextView.swift in Sources */ = {isa = PBXBuildFile; fileRef = AF0D4B06291A3F5900BAE2FE /* CustomTextView.swift */; };
		AF0D4B08291A3F5900BAE2FE /* CustomTextView.swift in Sources */ = {isa = PBXBuildFile; fileRef = AF0D4B06291A3F5900BAE2FE /* CustomTextView.swift */; };
		AF0D4B0B291A5F6800BAE2FE /* TagModifyScreen.swift in Sources */ = {isa = PBXBuildFile; fileRef = AF0D4B0A291A5F6800BAE2FE /* TagModifyScreen.swift */; };
		AF0D4B0C291A5F6800BAE2FE /* TagModifyScreen.swift in Sources */ = {isa = PBXBuildFile; fileRef = AF0D4B0A291A5F6800BAE2FE /* TagModifyScreen.swift */; };
/* End PBXBuildFile section */

/* Begin PBXFileReference section */
		AF0D4AD1291A30AD00BAE2FE /* NhatKyAnHanhApp.swift */ = {isa = PBXFileReference; lastKnownFileType = sourcecode.swift; path = NhatKyAnHanhApp.swift; sourceTree = "<group>"; };
		AF0D4AD2291A30AD00BAE2FE /* ContentView.swift */ = {isa = PBXFileReference; lastKnownFileType = sourcecode.swift; path = ContentView.swift; sourceTree = "<group>"; };
		AF0D4AD3291A30AE00BAE2FE /* Assets.xcassets */ = {isa = PBXFileReference; lastKnownFileType = folder.assetcatalog; path = Assets.xcassets; sourceTree = "<group>"; };
		AF0D4AD8291A30AE00BAE2FE /* NhatKyAnHanh.app */ = {isa = PBXFileReference; explicitFileType = wrapper.application; includeInIndex = 0; path = NhatKyAnHanh.app; sourceTree = BUILT_PRODUCTS_DIR; };
		AF0D4ADE291A30AE00BAE2FE /* NhatKyAnHanh.app */ = {isa = PBXFileReference; explicitFileType = wrapper.application; includeInIndex = 0; path = NhatKyAnHanh.app; sourceTree = BUILT_PRODUCTS_DIR; };
		AF0D4AE0291A30AE00BAE2FE /* macOS.entitlements */ = {isa = PBXFileReference; lastKnownFileType = text.plist.entitlements; path = macOS.entitlements; sourceTree = "<group>"; };
		AF0D4AF0291A30FA00BAE2FE /* ViewModifiers.swift */ = {isa = PBXFileReference; lastKnownFileType = sourcecode.swift; path = ViewModifiers.swift; sourceTree = "<group>"; };
		AF0D4AF7291A317F00BAE2FE /* HomeScreen.swift */ = {isa = PBXFileReference; lastKnownFileType = sourcecode.swift; path = HomeScreen.swift; sourceTree = "<group>"; };
		AF0D4AFC291A32AD00BAE2FE /* LocalDatabase.xcdatamodel */ = {isa = PBXFileReference; lastKnownFileType = wrapper.xcdatamodel; path = LocalDatabase.xcdatamodel; sourceTree = "<group>"; };
		AF0D4AFF291A330500BAE2FE /* DataController.swift */ = {isa = PBXFileReference; lastKnownFileType = sourcecode.swift; path = DataController.swift; sourceTree = "<group>"; };
		AF0D4B02291A390400BAE2FE /* NoteModifyScreen.swift */ = {isa = PBXFileReference; lastKnownFileType = sourcecode.swift; path = NoteModifyScreen.swift; sourceTree = "<group>"; };
		AF0D4B06291A3F5900BAE2FE /* CustomTextView.swift */ = {isa = PBXFileReference; lastKnownFileType = sourcecode.swift; path = CustomTextView.swift; sourceTree = "<group>"; };
		AF0D4B0A291A5F6800BAE2FE /* TagModifyScreen.swift */ = {isa = PBXFileReference; lastKnownFileType = sourcecode.swift; path = TagModifyScreen.swift; sourceTree = "<group>"; };
/* End PBXFileReference section */

/* Begin PBXFrameworksBuildPhase section */
		AF0D4AD5291A30AE00BAE2FE /* Frameworks */ = {
			isa = PBXFrameworksBuildPhase;
			buildActionMask = 2147483647;
			files = (
			);
			runOnlyForDeploymentPostprocessing = 0;
		};
		AF0D4ADB291A30AE00BAE2FE /* Frameworks */ = {
			isa = PBXFrameworksBuildPhase;
			buildActionMask = 2147483647;
			files = (
				AF0D4AF5291A313F00BAE2FE /* StackNavigationView in Frameworks */,
			);
			runOnlyForDeploymentPostprocessing = 0;
		};
/* End PBXFrameworksBuildPhase section */

/* Begin PBXGroup section */
		AF0D4ACB291A30AC00BAE2FE = {
			isa = PBXGroup;
			children = (
				AF0D4B05291A3F3F00BAE2FE /* Common */,
				AF0D4AFA291A328800BAE2FE /* Repository */,
				AF0D4AF6291A317000BAE2FE /* Screens */,
				AF0D4AEF291A30EA00BAE2FE /* Utility */,
				AF0D4AD0291A30AD00BAE2FE /* Shared */,
				AF0D4ADF291A30AE00BAE2FE /* macOS */,
				AF0D4AD9291A30AE00BAE2FE /* Products */,
			);
			sourceTree = "<group>";
		};
		AF0D4AD0291A30AD00BAE2FE /* Shared */ = {
			isa = PBXGroup;
			children = (
				AF0D4AD1291A30AD00BAE2FE /* NhatKyAnHanhApp.swift */,
				AF0D4AD2291A30AD00BAE2FE /* ContentView.swift */,
				AF0D4AD3291A30AE00BAE2FE /* Assets.xcassets */,
			);
			path = Shared;
			sourceTree = "<group>";
		};
		AF0D4AD9291A30AE00BAE2FE /* Products */ = {
			isa = PBXGroup;
			children = (
				AF0D4AD8291A30AE00BAE2FE /* NhatKyAnHanh.app */,
				AF0D4ADE291A30AE00BAE2FE /* NhatKyAnHanh.app */,
			);
			name = Products;
			sourceTree = "<group>";
		};
		AF0D4ADF291A30AE00BAE2FE /* macOS */ = {
			isa = PBXGroup;
			children = (
				AF0D4AE0291A30AE00BAE2FE /* macOS.entitlements */,
			);
			path = macOS;
			sourceTree = "<group>";
		};
		AF0D4AEF291A30EA00BAE2FE /* Utility */ = {
			isa = PBXGroup;
			children = (
				AF0D4AF0291A30FA00BAE2FE /* ViewModifiers.swift */,
			);
			path = Utility;
			sourceTree = "<group>";
		};
		AF0D4AF6291A317000BAE2FE /* Screens */ = {
			isa = PBXGroup;
			children = (
				AF0D4AF7291A317F00BAE2FE /* HomeScreen.swift */,
				AF0D4B02291A390400BAE2FE /* NoteModifyScreen.swift */,
				AF0D4B0A291A5F6800BAE2FE /* TagModifyScreen.swift */,
			);
			path = Screens;
			sourceTree = "<group>";
		};
		AF0D4AFA291A328800BAE2FE /* Repository */ = {
			isa = PBXGroup;
			children = (
				AF0D4AFB291A32AD00BAE2FE /* LocalDatabase.xcdatamodeld */,
				AF0D4AFF291A330500BAE2FE /* DataController.swift */,
			);
			path = Repository;
			sourceTree = "<group>";
		};
		AF0D4B05291A3F3F00BAE2FE /* Common */ = {
			isa = PBXGroup;
			children = (
				AF0D4B06291A3F5900BAE2FE /* CustomTextView.swift */,
			);
			path = Common;
			sourceTree = "<group>";
		};
/* End PBXGroup section */

/* Begin PBXNativeTarget section */
		AF0D4AD7291A30AE00BAE2FE /* NhatKyAnHanh (iOS) */ = {
			isa = PBXNativeTarget;
			buildConfigurationList = AF0D4AE9291A30AE00BAE2FE /* Build configuration list for PBXNativeTarget "NhatKyAnHanh (iOS)" */;
			buildPhases = (
				AF0D4AD4291A30AE00BAE2FE /* Sources */,
				AF0D4AD5291A30AE00BAE2FE /* Frameworks */,
				AF0D4AD6291A30AE00BAE2FE /* Resources */,
			);
			buildRules = (
			);
			dependencies = (
			);
			name = "NhatKyAnHanh (iOS)";
			productName = "NhatKyAnHanh (iOS)";
			productReference = AF0D4AD8291A30AE00BAE2FE /* NhatKyAnHanh.app */;
			productType = "com.apple.product-type.application";
		};
		AF0D4ADD291A30AE00BAE2FE /* NhatKyAnHanh (macOS) */ = {
			isa = PBXNativeTarget;
			buildConfigurationList = AF0D4AEC291A30AE00BAE2FE /* Build configuration list for PBXNativeTarget "NhatKyAnHanh (macOS)" */;
			buildPhases = (
				AF0D4ADA291A30AE00BAE2FE /* Sources */,
				AF0D4ADB291A30AE00BAE2FE /* Frameworks */,
				AF0D4ADC291A30AE00BAE2FE /* Resources */,
			);
			buildRules = (
			);
			dependencies = (
			);
			name = "NhatKyAnHanh (macOS)";
			packageProductDependencies = (
				AF0D4AF4291A313F00BAE2FE /* StackNavigationView */,
			);
			productName = "NhatKyAnHanh (macOS)";
			productReference = AF0D4ADE291A30AE00BAE2FE /* NhatKyAnHanh.app */;
			productType = "com.apple.product-type.application";
		};
/* End PBXNativeTarget section */

/* Begin PBXProject section */
		AF0D4ACC291A30AC00BAE2FE /* Project object */ = {
			isa = PBXProject;
			attributes = {
				BuildIndependentTargetsInParallel = 1;
				LastSwiftUpdateCheck = 1330;
				LastUpgradeCheck = 1330;
				TargetAttributes = {
					AF0D4AD7291A30AE00BAE2FE = {
						CreatedOnToolsVersion = 13.3.1;
					};
					AF0D4ADD291A30AE00BAE2FE = {
						CreatedOnToolsVersion = 13.3.1;
					};
				};
			};
			buildConfigurationList = AF0D4ACF291A30AC00BAE2FE /* Build configuration list for PBXProject "NhatKyAnHanh" */;
			compatibilityVersion = "Xcode 13.0";
			developmentRegion = en;
			hasScannedForEncodings = 0;
			knownRegions = (
				en,
				Base,
			);
			mainGroup = AF0D4ACB291A30AC00BAE2FE;
			packageReferences = (
				AF0D4AF3291A313F00BAE2FE /* XCRemoteSwiftPackageReference "StackNavigationView" */,
			);
			productRefGroup = AF0D4AD9291A30AE00BAE2FE /* Products */;
			projectDirPath = "";
			projectRoot = "";
			targets = (
				AF0D4AD7291A30AE00BAE2FE /* NhatKyAnHanh (iOS) */,
				AF0D4ADD291A30AE00BAE2FE /* NhatKyAnHanh (macOS) */,
			);
		};
/* End PBXProject section */

/* Begin PBXResourcesBuildPhase section */
		AF0D4AD6291A30AE00BAE2FE /* Resources */ = {
			isa = PBXResourcesBuildPhase;
			buildActionMask = 2147483647;
			files = (
				AF0D4AE5291A30AE00BAE2FE /* Assets.xcassets in Resources */,
			);
			runOnlyForDeploymentPostprocessing = 0;
		};
		AF0D4ADC291A30AE00BAE2FE /* Resources */ = {
			isa = PBXResourcesBuildPhase;
			buildActionMask = 2147483647;
			files = (
				AF0D4AE6291A30AE00BAE2FE /* Assets.xcassets in Resources */,
			);
			runOnlyForDeploymentPostprocessing = 0;
		};
/* End PBXResourcesBuildPhase section */

/* Begin PBXSourcesBuildPhase section */
		AF0D4AD4291A30AE00BAE2FE /* Sources */ = {
			isa = PBXSourcesBuildPhase;
			buildActionMask = 2147483647;
			files = (
				AF0D4AFD291A32AD00BAE2FE /* LocalDatabase.xcdatamodeld in Sources */,
				AF0D4B03291A390400BAE2FE /* NoteModifyScreen.swift in Sources */,
				AF0D4B07291A3F5900BAE2FE /* CustomTextView.swift in Sources */,
				AF0D4B0B291A5F6800BAE2FE /* TagModifyScreen.swift in Sources */,
				AF0D4B00291A330500BAE2FE /* DataController.swift in Sources */,
				AF0D4AF8291A317F00BAE2FE /* HomeScreen.swift in Sources */,
				AF0D4AF1291A30FA00BAE2FE /* ViewModifiers.swift in Sources */,
				AF0D4AE3291A30AE00BAE2FE /* ContentView.swift in Sources */,
				AF0D4AE1291A30AE00BAE2FE /* NhatKyAnHanhApp.swift in Sources */,
			);
			runOnlyForDeploymentPostprocessing = 0;
		};
		AF0D4ADA291A30AE00BAE2FE /* Sources */ = {
			isa = PBXSourcesBuildPhase;
			buildActionMask = 2147483647;
			files = (
				AF0D4AFE291A32AD00BAE2FE /* LocalDatabase.xcdatamodeld in Sources */,
				AF0D4B04291A390400BAE2FE /* NoteModifyScreen.swift in Sources */,
				AF0D4B08291A3F5900BAE2FE /* CustomTextView.swift in Sources */,
				AF0D4B0C291A5F6800BAE2FE /* TagModifyScreen.swift in Sources */,
				AF0D4B01291A330500BAE2FE /* DataController.swift in Sources */,
				AF0D4AF9291A317F00BAE2FE /* HomeScreen.swift in Sources */,
				AF0D4AF2291A312100BAE2FE /* ViewModifiers.swift in Sources */,
				AF0D4AE4291A30AE00BAE2FE /* ContentView.swift in Sources */,
				AF0D4AE2291A30AE00BAE2FE /* NhatKyAnHanhApp.swift in Sources */,
			);
			runOnlyForDeploymentPostprocessing = 0;
		};
/* End PBXSourcesBuildPhase section */

/* Begin XCBuildConfiguration section */
		AF0D4AE7291A30AE00BAE2FE /* Debug */ = {
			isa = XCBuildConfiguration;
			buildSettings = {
				ALWAYS_SEARCH_USER_PATHS = NO;
				CLANG_ANALYZER_NONNULL = YES;
				CLANG_ANALYZER_NUMBER_OBJECT_CONVERSION = YES_AGGRESSIVE;
				CLANG_CXX_LANGUAGE_STANDARD = "gnu++17";
				CLANG_ENABLE_MODULES = YES;
				CLANG_ENABLE_OBJC_ARC = YES;
				CLANG_ENABLE_OBJC_WEAK = YES;
				CLANG_WARN_BLOCK_CAPTURE_AUTORELEASING = YES;
				CLANG_WARN_BOOL_CONVERSION = YES;
				CLANG_WARN_COMMA = YES;
				CLANG_WARN_CONSTANT_CONVERSION = YES;
				CLANG_WARN_DEPRECATED_OBJC_IMPLEMENTATIONS = YES;
				CLANG_WARN_DIRECT_OBJC_ISA_USAGE = YES_ERROR;
				CLANG_WARN_DOCUMENTATION_COMMENTS = YES;
				CLANG_WARN_EMPTY_BODY = YES;
				CLANG_WARN_ENUM_CONVERSION = YES;
				CLANG_WARN_INFINITE_RECURSION = YES;
				CLANG_WARN_INT_CONVERSION = YES;
				CLANG_WARN_NON_LITERAL_NULL_CONVERSION = YES;
				CLANG_WARN_OBJC_IMPLICIT_RETAIN_SELF = YES;
				CLANG_WARN_OBJC_LITERAL_CONVERSION = YES;
				CLANG_WARN_OBJC_ROOT_CLASS = YES_ERROR;
				CLANG_WARN_QUOTED_INCLUDE_IN_FRAMEWORK_HEADER = YES;
				CLANG_WARN_RANGE_LOOP_ANALYSIS = YES;
				CLANG_WARN_STRICT_PROTOTYPES = YES;
				CLANG_WARN_SUSPICIOUS_MOVE = YES;
				CLANG_WARN_UNGUARDED_AVAILABILITY = YES_AGGRESSIVE;
				CLANG_WARN_UNREACHABLE_CODE = YES;
				CLANG_WARN__DUPLICATE_METHOD_MATCH = YES;
				COPY_PHASE_STRIP = NO;
				DEBUG_INFORMATION_FORMAT = dwarf;
				ENABLE_STRICT_OBJC_MSGSEND = YES;
				ENABLE_TESTABILITY = YES;
				GCC_C_LANGUAGE_STANDARD = gnu11;
				GCC_DYNAMIC_NO_PIC = NO;
				GCC_NO_COMMON_BLOCKS = YES;
				GCC_OPTIMIZATION_LEVEL = 0;
				GCC_PREPROCESSOR_DEFINITIONS = (
					"DEBUG=1",
					"$(inherited)",
				);
				GCC_WARN_64_TO_32_BIT_CONVERSION = YES;
				GCC_WARN_ABOUT_RETURN_TYPE = YES_ERROR;
				GCC_WARN_UNDECLARED_SELECTOR = YES;
				GCC_WARN_UNINITIALIZED_AUTOS = YES_AGGRESSIVE;
				GCC_WARN_UNUSED_FUNCTION = YES;
				GCC_WARN_UNUSED_VARIABLE = YES;
				MTL_ENABLE_DEBUG_INFO = INCLUDE_SOURCE;
				MTL_FAST_MATH = YES;
				ONLY_ACTIVE_ARCH = YES;
				SWIFT_ACTIVE_COMPILATION_CONDITIONS = DEBUG;
				SWIFT_OPTIMIZATION_LEVEL = "-Onone";
			};
			name = Debug;
		};
		AF0D4AE8291A30AE00BAE2FE /* Release */ = {
			isa = XCBuildConfiguration;
			buildSettings = {
				ALWAYS_SEARCH_USER_PATHS = NO;
				CLANG_ANALYZER_NONNULL = YES;
				CLANG_ANALYZER_NUMBER_OBJECT_CONVERSION = YES_AGGRESSIVE;
				CLANG_CXX_LANGUAGE_STANDARD = "gnu++17";
				CLANG_ENABLE_MODULES = YES;
				CLANG_ENABLE_OBJC_ARC = YES;
				CLANG_ENABLE_OBJC_WEAK = YES;
				CLANG_WARN_BLOCK_CAPTURE_AUTORELEASING = YES;
				CLANG_WARN_BOOL_CONVERSION = YES;
				CLANG_WARN_COMMA = YES;
				CLANG_WARN_CONSTANT_CONVERSION = YES;
				CLANG_WARN_DEPRECATED_OBJC_IMPLEMENTATIONS = YES;
				CLANG_WARN_DIRECT_OBJC_ISA_USAGE = YES_ERROR;
				CLANG_WARN_DOCUMENTATION_COMMENTS = YES;
				CLANG_WARN_EMPTY_BODY = YES;
				CLANG_WARN_ENUM_CONVERSION = YES;
				CLANG_WARN_INFINITE_RECURSION = YES;
				CLANG_WARN_INT_CONVERSION = YES;
				CLANG_WARN_NON_LITERAL_NULL_CONVERSION = YES;
				CLANG_WARN_OBJC_IMPLICIT_RETAIN_SELF = YES;
				CLANG_WARN_OBJC_LITERAL_CONVERSION = YES;
				CLANG_WARN_OBJC_ROOT_CLASS = YES_ERROR;
				CLANG_WARN_QUOTED_INCLUDE_IN_FRAMEWORK_HEADER = YES;
				CLANG_WARN_RANGE_LOOP_ANALYSIS = YES;
				CLANG_WARN_STRICT_PROTOTYPES = YES;
				CLANG_WARN_SUSPICIOUS_MOVE = YES;
				CLANG_WARN_UNGUARDED_AVAILABILITY = YES_AGGRESSIVE;
				CLANG_WARN_UNREACHABLE_CODE = YES;
				CLANG_WARN__DUPLICATE_METHOD_MATCH = YES;
				COPY_PHASE_STRIP = NO;
				DEBUG_INFORMATION_FORMAT = "dwarf-with-dsym";
				ENABLE_NS_ASSERTIONS = NO;
				ENABLE_STRICT_OBJC_MSGSEND = YES;
				GCC_C_LANGUAGE_STANDARD = gnu11;
				GCC_NO_COMMON_BLOCKS = YES;
				GCC_WARN_64_TO_32_BIT_CONVERSION = YES;
				GCC_WARN_ABOUT_RETURN_TYPE = YES_ERROR;
				GCC_WARN_UNDECLARED_SELECTOR = YES;
				GCC_WARN_UNINITIALIZED_AUTOS = YES_AGGRESSIVE;
				GCC_WARN_UNUSED_FUNCTION = YES;
				GCC_WARN_UNUSED_VARIABLE = YES;
				MTL_ENABLE_DEBUG_INFO = NO;
				MTL_FAST_MATH = YES;
				SWIFT_COMPILATION_MODE = wholemodule;
				SWIFT_OPTIMIZATION_LEVEL = "-O";
			};
			name = Release;
		};
		AF0D4AEA291A30AE00BAE2FE /* Debug */ = {
			isa = XCBuildConfiguration;
			buildSettings = {
				ASSETCATALOG_COMPILER_APPICON_NAME = AppIcon;
				ASSETCATALOG_COMPILER_GLOBAL_ACCENT_COLOR_NAME = AccentColor;
				CODE_SIGN_STYLE = Automatic;
				CURRENT_PROJECT_VERSION = 1;
				DEVELOPMENT_TEAM = 7D8W4S8T82;
				ENABLE_PREVIEWS = YES;
				GENERATE_INFOPLIST_FILE = YES;
				INFOPLIST_KEY_UIApplicationSceneManifest_Generation = YES;
				INFOPLIST_KEY_UIApplicationSupportsIndirectInputEvents = YES;
				INFOPLIST_KEY_UILaunchScreen_Generation = YES;
				INFOPLIST_KEY_UISupportedInterfaceOrientations_iPad = "UIInterfaceOrientationPortrait UIInterfaceOrientationPortraitUpsideDown UIInterfaceOrientationLandscapeLeft UIInterfaceOrientationLandscapeRight";
				INFOPLIST_KEY_UISupportedInterfaceOrientations_iPhone = "UIInterfaceOrientationPortrait UIInterfaceOrientationLandscapeLeft UIInterfaceOrientationLandscapeRight";
				IPHONEOS_DEPLOYMENT_TARGET = 15.4;
				LD_RUNPATH_SEARCH_PATHS = (
					"$(inherited)",
					"@executable_path/Frameworks",
				);
				MARKETING_VERSION = 1.0;
				PRODUCT_BUNDLE_IDENTIFIER = xyz.manzodev.NhatKyAnHanh;
				PRODUCT_NAME = NhatKyAnHanh;
				SDKROOT = iphoneos;
				SWIFT_EMIT_LOC_STRINGS = YES;
				SWIFT_VERSION = 5.0;
				TARGETED_DEVICE_FAMILY = "1,2";
			};
			name = Debug;
		};
		AF0D4AEB291A30AE00BAE2FE /* Release */ = {
			isa = XCBuildConfiguration;
			buildSettings = {
				ASSETCATALOG_COMPILER_APPICON_NAME = AppIcon;
				ASSETCATALOG_COMPILER_GLOBAL_ACCENT_COLOR_NAME = AccentColor;
				CODE_SIGN_STYLE = Automatic;
				CURRENT_PROJECT_VERSION = 1;
				DEVELOPMENT_TEAM = 7D8W4S8T82;
				ENABLE_PREVIEWS = YES;
				GENERATE_INFOPLIST_FILE = YES;
				INFOPLIST_KEY_UIApplicationSceneManifest_Generation = YES;
				INFOPLIST_KEY_UIApplicationSupportsIndirectInputEvents = YES;
				INFOPLIST_KEY_UILaunchScreen_Generation = YES;
				INFOPLIST_KEY_UISupportedInterfaceOrientations_iPad = "UIInterfaceOrientationPortrait UIInterfaceOrientationPortraitUpsideDown UIInterfaceOrientationLandscapeLeft UIInterfaceOrientationLandscapeRight";
				INFOPLIST_KEY_UISupportedInterfaceOrientations_iPhone = "UIInterfaceOrientationPortrait UIInterfaceOrientationLandscapeLeft UIInterfaceOrientationLandscapeRight";
				IPHONEOS_DEPLOYMENT_TARGET = 15.4;
				LD_RUNPATH_SEARCH_PATHS = (
					"$(inherited)",
					"@executable_path/Frameworks",
				);
				MARKETING_VERSION = 1.0;
				PRODUCT_BUNDLE_IDENTIFIER = xyz.manzodev.NhatKyAnHanh;
				PRODUCT_NAME = NhatKyAnHanh;
				SDKROOT = iphoneos;
				SWIFT_EMIT_LOC_STRINGS = YES;
				SWIFT_VERSION = 5.0;
				TARGETED_DEVICE_FAMILY = "1,2";
				VALIDATE_PRODUCT = YES;
			};
			name = Release;
		};
		AF0D4AED291A30AE00BAE2FE /* Debug */ = {
			isa = XCBuildConfiguration;
			buildSettings = {
				ASSETCATALOG_COMPILER_APPICON_NAME = AppIcon;
				ASSETCATALOG_COMPILER_GLOBAL_ACCENT_COLOR_NAME = AccentColor;
				CODE_SIGN_ENTITLEMENTS = macOS/macOS.entitlements;
				CODE_SIGN_STYLE = Automatic;
				COMBINE_HIDPI_IMAGES = YES;
				CURRENT_PROJECT_VERSION = 1;
				DEVELOPMENT_TEAM = 7D8W4S8T82;
				ENABLE_HARDENED_RUNTIME = YES;
				ENABLE_PREVIEWS = YES;
				GENERATE_INFOPLIST_FILE = YES;
				INFOPLIST_KEY_NSHumanReadableCopyright = "";
				LD_RUNPATH_SEARCH_PATHS = (
					"$(inherited)",
					"@executable_path/../Frameworks",
				);
				MACOSX_DEPLOYMENT_TARGET = 12.3;
				MARKETING_VERSION = 1.0;
				PRODUCT_BUNDLE_IDENTIFIER = xyz.manzodev.NhatKyAnHanh;
				PRODUCT_NAME = NhatKyAnHanh;
				SDKROOT = macosx;
				SWIFT_EMIT_LOC_STRINGS = YES;
				SWIFT_VERSION = 5.0;
			};
			name = Debug;
		};
		AF0D4AEE291A30AE00BAE2FE /* Release */ = {
			isa = XCBuildConfiguration;
			buildSettings = {
				ASSETCATALOG_COMPILER_APPICON_NAME = AppIcon;
				ASSETCATALOG_COMPILER_GLOBAL_ACCENT_COLOR_NAME = AccentColor;
				CODE_SIGN_ENTITLEMENTS = macOS/macOS.entitlements;
				CODE_SIGN_STYLE = Automatic;
				COMBINE_HIDPI_IMAGES = YES;
				CURRENT_PROJECT_VERSION = 1;
				DEVELOPMENT_TEAM = 7D8W4S8T82;
				ENABLE_HARDENED_RUNTIME = YES;
				ENABLE_PREVIEWS = YES;
				GENERATE_INFOPLIST_FILE = YES;
				INFOPLIST_KEY_NSHumanReadableCopyright = "";
				LD_RUNPATH_SEARCH_PATHS = (
					"$(inherited)",
					"@executable_path/../Frameworks",
				);
				MACOSX_DEPLOYMENT_TARGET = 12.3;
				MARKETING_VERSION = 1.0;
				PRODUCT_BUNDLE_IDENTIFIER = xyz.manzodev.NhatKyAnHanh;
				PRODUCT_NAME = NhatKyAnHanh;
				SDKROOT = macosx;
				SWIFT_EMIT_LOC_STRINGS = YES;
				SWIFT_VERSION = 5.0;
			};
			name = Release;
		};
/* End XCBuildConfiguration section */

/* Begin XCConfigurationList section */
		AF0D4ACF291A30AC00BAE2FE /* Build configuration list for PBXProject "NhatKyAnHanh" */ = {
			isa = XCConfigurationList;
			buildConfigurations = (
				AF0D4AE7291A30AE00BAE2FE /* Debug */,
				AF0D4AE8291A30AE00BAE2FE /* Release */,
			);
			defaultConfigurationIsVisible = 0;
			defaultConfigurationName = Release;
		};
		AF0D4AE9291A30AE00BAE2FE /* Build configuration list for PBXNativeTarget "NhatKyAnHanh (iOS)" */ = {
			isa = XCConfigurationList;
			buildConfigurations = (
				AF0D4AEA291A30AE00BAE2FE /* Debug */,
				AF0D4AEB291A30AE00BAE2FE /* Release */,
			);
			defaultConfigurationIsVisible = 0;
			defaultConfigurationName = Release;
		};
		AF0D4AEC291A30AE00BAE2FE /* Build configuration list for PBXNativeTarget "NhatKyAnHanh (macOS)" */ = {
			isa = XCConfigurationList;
			buildConfigurations = (
				AF0D4AED291A30AE00BAE2FE /* Debug */,
				AF0D4AEE291A30AE00BAE2FE /* Release */,
			);
			defaultConfigurationIsVisible = 0;
			defaultConfigurationName = Release;
		};
/* End XCConfigurationList section */

/* Begin XCRemoteSwiftPackageReference section */
		AF0D4AF3291A313F00BAE2FE /* XCRemoteSwiftPackageReference "StackNavigationView" */ = {
			isa = XCRemoteSwiftPackageReference;
			repositoryURL = "https://github.com/lbrndnr/StackNavigationView";
			requirement = {
				branch = master;
				kind = branch;
			};
		};
/* End XCRemoteSwiftPackageReference section */

/* Begin XCSwiftPackageProductDependency section */
		AF0D4AF4291A313F00BAE2FE /* StackNavigationView */ = {
			isa = XCSwiftPackageProductDependency;
			package = AF0D4AF3291A313F00BAE2FE /* XCRemoteSwiftPackageReference "StackNavigationView" */;
			productName = StackNavigationView;
		};
/* End XCSwiftPackageProductDependency section */

/* Begin XCVersionGroup section */
		AF0D4AFB291A32AD00BAE2FE /* LocalDatabase.xcdatamodeld */ = {
			isa = XCVersionGroup;
			children = (
				AF0D4AFC291A32AD00BAE2FE /* LocalDatabase.xcdatamodel */,
			);
			currentVersion = AF0D4AFC291A32AD00BAE2FE /* LocalDatabase.xcdatamodel */;
			path = LocalDatabase.xcdatamodeld;
			sourceTree = "<group>";
			versionGroupType = wrapper.xcdatamodel;
		};
/* End XCVersionGroup section */
	};
	rootObject = AF0D4ACC291A30AC00BAE2FE /* Project object */;
}
